
Microsoft Visual Studio Solution File, Format Version 12.00
# Visual Studio Version 16
VisualStudioVersion = 16.6.30114.105
MinimumVisualStudioVersion = 10.0.40219.1
Project("{2150E333-8FDC-42A3-9474-1A3956D46DE8}") = "Orbit", "Orbit", "{A1F0C0A9-13F4-4EAA-9449-A5656E80BBE4}"
ProjectSection(SolutionItems) = preProject
	Orbit\swagger.yaml = Orbit\swagger.yaml
	Orbit\generate_api.sh = Orbit\generate_api.sh
	Orbit\swagger.config.json = Orbit\swagger.config.json
EndProjectSection
EndProject
Project("{FAE04EC0-301F-11D3-BF4B-00C04F79EFBC}") = "Sync", "Orbit\Sync\Sync.csproj", "{F07A6EE0-7C34-4623-B5AD-DDCAB8C43F02}"
EndProject
Project("{2150E333-8FDC-42A3-9474-1A3956D46DE8}") = "PlanningCenter", "PlanningCenter", "{9896C2FF-FA5E-4C9E-98E1-D5AE76B51135}"
EndProject
Project("{FAE04EC0-301F-11D3-BF4B-00C04F79EFBC}") = "Api", "PlanningCenter\Api\Api.csproj", "{72420747-AAA6-4AF8-92B0-884A91D0BF96}"
EndProject
Project("{FAE04EC0-301F-11D3-BF4B-00C04F79EFBC}") = "ApiCrawler", "PlanningCenter\ApiCrawler\ApiCrawler.csproj", "{14C3E79D-5376-433C-9123-ABC739508423}"
EndProject
Project("{2150E333-8FDC-42A3-9474-1A3956D46DE8}") = "Tests", "Tests", "{63CF8188-EE0D-4B6C-8B4B-3FCAF6582579}"
EndProject
Project("{2150E333-8FDC-42A3-9474-1A3956D46DE8}") = "PlanningCenter", "PlanningCenter", "{3E2B512E-BA95-42DE-BA03-AAA89A5FCC22}"
EndProject
Project("{FAE04EC0-301F-11D3-BF4B-00C04F79EFBC}") = "ApiCrawlerTests", "ApiCrawlerTests\ApiCrawlerTests.csproj", "{1FD1D3B7-B041-4312-BCEF-DC8ECA8B5B82}"
EndProject
Project("{FAE04EC0-301F-11D3-BF4B-00C04F79EFBC}") = "Orbit.Api", "Orbit\Orbit.Api\Orbit.Api.csproj", "{08DF4C3F-4494-4E76-AD06-A43E8B44F4C8}"
EndProject
Global
	GlobalSection(SolutionConfigurationPlatforms) = preSolution
		Debug|Any CPU = Debug|Any CPU
		Debug|x64 = Debug|x64
		Debug|x86 = Debug|x86
		Release|Any CPU = Release|Any CPU
		Release|x64 = Release|x64
		Release|x86 = Release|x86
	EndGlobalSection
	GlobalSection(SolutionProperties) = preSolution
		HideSolutionNode = FALSE
	EndGlobalSection
	GlobalSection(ProjectConfigurationPlatforms) = postSolution
		{F07A6EE0-7C34-4623-B5AD-DDCAB8C43F02}.Debug|Any CPU.ActiveCfg = Debug|Any CPU
		{F07A6EE0-7C34-4623-B5AD-DDCAB8C43F02}.Debug|Any CPU.Build.0 = Debug|Any CPU
		{F07A6EE0-7C34-4623-B5AD-DDCAB8C43F02}.Debug|x64.ActiveCfg = Debug|Any CPU
		{F07A6EE0-7C34-4623-B5AD-DDCAB8C43F02}.Debug|x64.Build.0 = Debug|Any CPU
		{F07A6EE0-7C34-4623-B5AD-DDCAB8C43F02}.Debug|x86.ActiveCfg = Debug|Any CPU
		{F07A6EE0-7C34-4623-B5AD-DDCAB8C43F02}.Debug|x86.Build.0 = Debug|Any CPU
		{F07A6EE0-7C34-4623-B5AD-DDCAB8C43F02}.Release|Any CPU.ActiveCfg = Release|Any CPU
		{F07A6EE0-7C34-4623-B5AD-DDCAB8C43F02}.Release|Any CPU.Build.0 = Release|Any CPU
		{F07A6EE0-7C34-4623-B5AD-DDCAB8C43F02}.Release|x64.ActiveCfg = Release|Any CPU
		{F07A6EE0-7C34-4623-B5AD-DDCAB8C43F02}.Release|x64.Build.0 = Release|Any CPU
		{F07A6EE0-7C34-4623-B5AD-DDCAB8C43F02}.Release|x86.ActiveCfg = Release|Any CPU
		{F07A6EE0-7C34-4623-B5AD-DDCAB8C43F02}.Release|x86.Build.0 = Release|Any CPU
		{72420747-AAA6-4AF8-92B0-884A91D0BF96}.Debug|Any CPU.ActiveCfg = Debug|Any CPU
		{72420747-AAA6-4AF8-92B0-884A91D0BF96}.Debug|Any CPU.Build.0 = Debug|Any CPU
		{72420747-AAA6-4AF8-92B0-884A91D0BF96}.Debug|x64.ActiveCfg = Debug|Any CPU
		{72420747-AAA6-4AF8-92B0-884A91D0BF96}.Debug|x64.Build.0 = Debug|Any CPU
		{72420747-AAA6-4AF8-92B0-884A91D0BF96}.Debug|x86.ActiveCfg = Debug|Any CPU
		{72420747-AAA6-4AF8-92B0-884A91D0BF96}.Debug|x86.Build.0 = Debug|Any CPU
		{72420747-AAA6-4AF8-92B0-884A91D0BF96}.Release|Any CPU.ActiveCfg = Release|Any CPU
		{72420747-AAA6-4AF8-92B0-884A91D0BF96}.Release|Any CPU.Build.0 = Release|Any CPU
		{72420747-AAA6-4AF8-92B0-884A91D0BF96}.Release|x64.ActiveCfg = Release|Any CPU
		{72420747-AAA6-4AF8-92B0-884A91D0BF96}.Release|x64.Build.0 = Release|Any CPU
		{72420747-AAA6-4AF8-92B0-884A91D0BF96}.Release|x86.ActiveCfg = Release|Any CPU
		{72420747-AAA6-4AF8-92B0-884A91D0BF96}.Release|x86.Build.0 = Release|Any CPU
		{14C3E79D-5376-433C-9123-ABC739508423}.Debug|Any CPU.ActiveCfg = Debug|Any CPU
		{14C3E79D-5376-433C-9123-ABC739508423}.Debug|Any CPU.Build.0 = Debug|Any CPU
		{14C3E79D-5376-433C-9123-ABC739508423}.Debug|x64.ActiveCfg = Debug|Any CPU
		{14C3E79D-5376-433C-9123-ABC739508423}.Debug|x64.Build.0 = Debug|Any CPU
		{14C3E79D-5376-433C-9123-ABC739508423}.Debug|x86.ActiveCfg = Debug|Any CPU
		{14C3E79D-5376-433C-9123-ABC739508423}.Debug|x86.Build.0 = Debug|Any CPU
		{14C3E79D-5376-433C-9123-ABC739508423}.Release|Any CPU.ActiveCfg = Release|Any CPU
		{14C3E79D-5376-433C-9123-ABC739508423}.Release|Any CPU.Build.0 = Release|Any CPU
		{14C3E79D-5376-433C-9123-ABC739508423}.Release|x64.ActiveCfg = Release|Any CPU
		{14C3E79D-5376-433C-9123-ABC739508423}.Release|x64.Build.0 = Release|Any CPU
		{14C3E79D-5376-433C-9123-ABC739508423}.Release|x86.ActiveCfg = Release|Any CPU
		{14C3E79D-5376-433C-9123-ABC739508423}.Release|x86.Build.0 = Release|Any CPU
		{1FD1D3B7-B041-4312-BCEF-DC8ECA8B5B82}.Debug|Any CPU.ActiveCfg = Debug|Any CPU
		{1FD1D3B7-B041-4312-BCEF-DC8ECA8B5B82}.Debug|Any CPU.Build.0 = Debug|Any CPU
		{1FD1D3B7-B041-4312-BCEF-DC8ECA8B5B82}.Debug|x64.ActiveCfg = Debug|Any CPU
		{1FD1D3B7-B041-4312-BCEF-DC8ECA8B5B82}.Debug|x64.Build.0 = Debug|Any CPU
		{1FD1D3B7-B041-4312-BCEF-DC8ECA8B5B82}.Debug|x86.ActiveCfg = Debug|Any CPU
		{1FD1D3B7-B041-4312-BCEF-DC8ECA8B5B82}.Debug|x86.Build.0 = Debug|Any CPU
		{1FD1D3B7-B041-4312-BCEF-DC8ECA8B5B82}.Release|Any CPU.ActiveCfg = Release|Any CPU
		{1FD1D3B7-B041-4312-BCEF-DC8ECA8B5B82}.Release|Any CPU.Build.0 = Release|Any CPU
		{1FD1D3B7-B041-4312-BCEF-DC8ECA8B5B82}.Release|x64.ActiveCfg = Release|Any CPU
		{1FD1D3B7-B041-4312-BCEF-DC8ECA8B5B82}.Release|x64.Build.0 = Release|Any CPU
		{1FD1D3B7-B041-4312-BCEF-DC8ECA8B5B82}.Release|x86.ActiveCfg = Release|Any CPU
		{1FD1D3B7-B041-4312-BCEF-DC8ECA8B5B82}.Release|x86.Build.0 = Release|Any CPU
		{08DF4C3F-4494-4E76-AD06-A43E8B44F4C8}.Debug|Any CPU.ActiveCfg = Debug|Any CPU
		{08DF4C3F-4494-4E76-AD06-A43E8B44F4C8}.Debug|Any CPU.Build.0 = Debug|Any CPU
		{08DF4C3F-4494-4E76-AD06-A43E8B44F4C8}.Debug|x64.ActiveCfg = Debug|Any CPU
		{08DF4C3F-4494-4E76-AD06-A43E8B44F4C8}.Debug|x64.Build.0 = Debug|Any CPU
		{08DF4C3F-4494-4E76-AD06-A43E8B44F4C8}.Debug|x86.ActiveCfg = Debug|Any CPU
		{08DF4C3F-4494-4E76-AD06-A43E8B44F4C8}.Debug|x86.Build.0 = Debug|Any CPU
		{08DF4C3F-4494-4E76-AD06-A43E8B44F4C8}.Release|Any CPU.ActiveCfg = Release|Any CPU
		{08DF4C3F-4494-4E76-AD06-A43E8B44F4C8}.Release|Any CPU.Build.0 = Release|Any CPU
		{08DF4C3F-4494-4E76-AD06-A43E8B44F4C8}.Release|x64.ActiveCfg = Release|Any CPU
		{08DF4C3F-4494-4E76-AD06-A43E8B44F4C8}.Release|x64.Build.0 = Release|Any CPU
		{08DF4C3F-4494-4E76-AD06-A43E8B44F4C8}.Release|x86.ActiveCfg = Release|Any CPU
		{08DF4C3F-4494-4E76-AD06-A43E8B44F4C8}.Release|x86.Build.0 = Release|Any CPU
	EndGlobalSection
	GlobalSection(NestedProjects) = preSolution
		{F07A6EE0-7C34-4623-B5AD-DDCAB8C43F02} = {A1F0C0A9-13F4-4EAA-9449-A5656E80BBE4}
		{72420747-AAA6-4AF8-92B0-884A91D0BF96} = {9896C2FF-FA5E-4C9E-98E1-D5AE76B51135}
		{14C3E79D-5376-433C-9123-ABC739508423} = {9896C2FF-FA5E-4C9E-98E1-D5AE76B51135}
		{3E2B512E-BA95-42DE-BA03-AAA89A5FCC22} = {63CF8188-EE0D-4B6C-8B4B-3FCAF6582579}
		{1FD1D3B7-B041-4312-BCEF-DC8ECA8B5B82} = {3E2B512E-BA95-42DE-BA03-AAA89A5FCC22}
		{08DF4C3F-4494-4E76-AD06-A43E8B44F4C8} = {A1F0C0A9-13F4-4EAA-9449-A5656E80BBE4}
	EndGlobalSection
EndGlobal
